
Microsoft Visual Studio Solution File, Format Version 12.00
# Visual Studio Version 17
VisualStudioVersion = 17.7.34003.232
MinimumVisualStudioVersion = 10.0.40219.1
Project("{2150E333-8FDC-42A3-9474-1A3956D46DE8}") = "Example", "Example", "{3719E3B8-D66F-4EFE-AD79-0A7722E29FD5}"
EndProject
Project("{2150E333-8FDC-42A3-9474-1A3956D46DE8}") = "Library", "Library", "{D884C909-C396-46CA-A746-FBC810E559B0}"
EndProject
Project("{9A19103F-16F7-4668-BE54-9A1E7A4F7556}") = "LeanTest", "src\LeanTest\LeanTest.csproj", "{7381BBDC-B91C-47F8-BD00-2F5BCC4545A3}"
EndProject
Project("{9A19103F-16F7-4668-BE54-9A1E7A4F7556}") = "ExampleProject", "src\ExampleProject\ExampleProject.csproj", "{7AB6147C-465E-4F61-9352-5350C21418FF}"
EndProject
Project("{9A19103F-16F7-4668-BE54-9A1E7A4F7556}") = "ExampleProject.Tests", "src\ExampleProject.Tests\ExampleProject.Tests.csproj", "{6829F732-D1AC-46A0-8A0B-85E0294C9546}"
EndProject
Project("{9A19103F-16F7-4668-BE54-9A1E7A4F7556}") = "LeanTest.Dependencies.Tests", "src\LeanTest.Dependencies.Tests\LeanTest.Dependencies.Tests.csproj", "{46DA6704-9F56-4E78-886F-29BF57CE269A}"
EndProject
Project("{2150E333-8FDC-42A3-9474-1A3956D46DE8}") = "Adapters", "Adapters", "{D241E898-34E6-4110-8F4F-8CC6AA8B7412}"
EndProject
Project("{FAE04EC0-301F-11D3-BF4B-00C04F79EFBC}") = "LeanTest.TestAdapter", "src\LeanTest.TestAdapter\LeanTest.TestAdapter.csproj", "{2FB2FFC3-B516-4B76-8DE9-32BECA1ACECE}"
EndProject
Global
	GlobalSection(SolutionConfigurationPlatforms) = preSolution
		Debug|Any CPU = Debug|Any CPU
		Release|Any CPU = Release|Any CPU
	EndGlobalSection
	GlobalSection(ProjectConfigurationPlatforms) = postSolution
		{7381BBDC-B91C-47F8-BD00-2F5BCC4545A3}.Debug|Any CPU.ActiveCfg = Debug|Any CPU
		{7381BBDC-B91C-47F8-BD00-2F5BCC4545A3}.Debug|Any CPU.Build.0 = Debug|Any CPU
		{7381BBDC-B91C-47F8-BD00-2F5BCC4545A3}.Release|Any CPU.ActiveCfg = Release|Any CPU
		{7381BBDC-B91C-47F8-BD00-2F5BCC4545A3}.Release|Any CPU.Build.0 = Release|Any CPU
		{7AB6147C-465E-4F61-9352-5350C21418FF}.Debug|Any CPU.ActiveCfg = Debug|Any CPU
		{7AB6147C-465E-4F61-9352-5350C21418FF}.Debug|Any CPU.Build.0 = Debug|Any CPU
		{7AB6147C-465E-4F61-9352-5350C21418FF}.Release|Any CPU.ActiveCfg = Release|Any CPU
		{7AB6147C-465E-4F61-9352-5350C21418FF}.Release|Any CPU.Build.0 = Release|Any CPU
		{6829F732-D1AC-46A0-8A0B-85E0294C9546}.Debug|Any CPU.ActiveCfg = Debug|Any CPU
		{6829F732-D1AC-46A0-8A0B-85E0294C9546}.Debug|Any CPU.Build.0 = Debug|Any CPU
		{6829F732-D1AC-46A0-8A0B-85E0294C9546}.Release|Any CPU.ActiveCfg = Release|Any CPU
		{6829F732-D1AC-46A0-8A0B-85E0294C9546}.Release|Any CPU.Build.0 = Release|Any CPU
		{46DA6704-9F56-4E78-886F-29BF57CE269A}.Debug|Any CPU.ActiveCfg = Debug|Any CPU
		{46DA6704-9F56-4E78-886F-29BF57CE269A}.Debug|Any CPU.Build.0 = Debug|Any CPU
		{46DA6704-9F56-4E78-886F-29BF57CE269A}.Release|Any CPU.ActiveCfg = Release|Any CPU
		{46DA6704-9F56-4E78-886F-29BF57CE269A}.Release|Any CPU.Build.0 = Release|Any CPU
		{2FB2FFC3-B516-4B76-8DE9-32BECA1ACECE}.Debug|Any CPU.ActiveCfg = Debug|Any CPU
		{2FB2FFC3-B516-4B76-8DE9-32BECA1ACECE}.Debug|Any CPU.Build.0 = Debug|Any CPU
		{2FB2FFC3-B516-4B76-8DE9-32BECA1ACECE}.Release|Any CPU.ActiveCfg = Release|Any CPU
		{2FB2FFC3-B516-4B76-8DE9-32BECA1ACECE}.Release|Any CPU.Build.0 = Release|Any CPU
	EndGlobalSection
	GlobalSection(SolutionProperties) = preSolution
		HideSolutionNode = FALSE
	EndGlobalSection
	GlobalSection(NestedProjects) = preSolution
		{7381BBDC-B91C-47F8-BD00-2F5BCC4545A3} = {D884C909-C396-46CA-A746-FBC810E559B0}
		{7AB6147C-465E-4F61-9352-5350C21418FF} = {3719E3B8-D66F-4EFE-AD79-0A7722E29FD5}
		{6829F732-D1AC-46A0-8A0B-85E0294C9546} = {3719E3B8-D66F-4EFE-AD79-0A7722E29FD5}
		{46DA6704-9F56-4E78-886F-29BF57CE269A} = {D884C909-C396-46CA-A746-FBC810E559B0}
		{2FB2FFC3-B516-4B76-8DE9-32BECA1ACECE} = {D241E898-34E6-4110-8F4F-8CC6AA8B7412}
	EndGlobalSection
	GlobalSection(ExtensibilityGlobals) = postSolution
		SolutionGuid = {1EB2E026-2B9B-4761-AF73-53CE0E1C08BF}
	EndGlobalSection
EndGlobal
